{
	"name": "brickd-core",
	"version": "0.0.1",
	"lockfileVersion": 1,
	"requires": true,
	"dependencies": {
		"immer": {
			"version": "6.0.5",
			"resolved": "https://registry.npmjs.org/immer/-/immer-6.0.5.tgz",
			"integrity": "sha512-Q2wd90qrgFieIpLzAO2q9NLEdmyp/sr76Ml4Vm5peUKgyTa2CQa3ey8zuzwSKOlKH7grCeGBGUcLLVCVW1aguA=="
		}
	}
}
